{
    "name": "ringledingle",
    "version": "1.2",
    "lockfileVersion": 3,
    "requires": true,
    "packages": {
        "": {
            "name": "ringledingle",
            "version": "1.2",
            "dependencies": {
                "microsoft-cognitiveservices-speech-sdk": "^1.26.0"
            },
            "engines": {
                "node": ">=10.0.0"
            }
        },
        "node_modules/agent-base": {
            "peerDependencies": {
                "bufferutil": "^4.0.1",
                "utf-8-validate": "^5.0.2"
            },
            "peerDependenciesMeta": {
                "bufferutil": {
                    "optional": true
                },
                "utf-8-validate": {
                    "optional": true
                }
            }
        }
    }
}
